
Microsoft Visual Studio Solution File, Format Version 12.00
# Visual Studio Version 17
VisualStudioVersion = 17.7.34009.444
MinimumVisualStudioVersion = 10.0.40219.1
Project("{FAE04EC0-301F-11D3-BF4B-00C04F79EFBC}") = "E-commerce.API", "E-commerce.API\E-commerce.API.csproj", "{AFB4325D-15BE-4A7F-829F-7216EC5B5F83}"
EndProject
Global
	GlobalSection(SolutionConfigurationPlatforms) = preSolution
		Debug|Any CPU = Debug|Any CPU
		Release|Any CPU = Release|Any CPU
	EndGlobalSection
	GlobalSection(ProjectConfigurationPlatforms) = postSolution
		{AFB4325D-15BE-4A7F-829F-7216EC5B5F83}.Debug|Any CPU.ActiveCfg = Debug|Any CPU
		{AFB4325D-15BE-4A7F-829F-7216EC5B5F83}.Debug|Any CPU.Build.0 = Debug|Any CPU
		{AFB4325D-15BE-4A7F-829F-7216EC5B5F83}.Release|Any CPU.ActiveCfg = Release|Any CPU
		{AFB4325D-15BE-4A7F-829F-7216EC5B5F83}.Release|Any CPU.Build.0 = Release|Any CPU
	EndGlobalSection
	GlobalSection(SolutionProperties) = preSolution
		HideSolutionNode = FALSE
	EndGlobalSection
	GlobalSection(ExtensibilityGlobals) = postSolution
		SolutionGuid = {E4C97892-D51D-4B3E-8537-FBA0632D3CB9}
	EndGlobalSection
EndGlobal
